
Microsoft Visual Studio Solution File, Format Version 12.00
# Visual Studio Version 16
VisualStudioVersion = 16.0.33214.272
MinimumVisualStudioVersion = 10.0.40219.1
Project("{FAE04EC0-301F-11D3-BF4B-00C04F79EFBC}") = "Calcolatrice", "Calcolatrice\Calcolatrice.csproj", "{74132E9D-9974-4508-85B0-66A22074A748}"
EndProject
Project("{FAE04EC0-301F-11D3-BF4B-00C04F79EFBC}") = "CalcolatriceTests", "CalcolatriceTests\CalcolatriceTests.csproj", "{645B2E68-D3F9-4F3E-A1E5-6D2C12B12673}"
EndProject
Global
	GlobalSection(SolutionConfigurationPlatforms) = preSolution
		Debug|Any CPU = Debug|Any CPU
		Release|Any CPU = Release|Any CPU
	EndGlobalSection
	GlobalSection(ProjectConfigurationPlatforms) = postSolution
		{74132E9D-9974-4508-85B0-66A22074A748}.Debug|Any CPU.ActiveCfg = Debug|Any CPU
		{74132E9D-9974-4508-85B0-66A22074A748}.Debug|Any CPU.Build.0 = Debug|Any CPU
		{74132E9D-9974-4508-85B0-66A22074A748}.Release|Any CPU.ActiveCfg = Release|Any CPU
		{74132E9D-9974-4508-85B0-66A22074A748}.Release|Any CPU.Build.0 = Release|Any CPU
		{645B2E68-D3F9-4F3E-A1E5-6D2C12B12673}.Debug|Any CPU.ActiveCfg = Debug|Any CPU
		{645B2E68-D3F9-4F3E-A1E5-6D2C12B12673}.Debug|Any CPU.Build.0 = Debug|Any CPU
		{645B2E68-D3F9-4F3E-A1E5-6D2C12B12673}.Release|Any CPU.ActiveCfg = Release|Any CPU
		{645B2E68-D3F9-4F3E-A1E5-6D2C12B12673}.Release|Any CPU.Build.0 = Release|Any CPU
	EndGlobalSection
	GlobalSection(SolutionProperties) = preSolution
		HideSolutionNode = FALSE
	EndGlobalSection
	GlobalSection(ExtensibilityGlobals) = postSolution
		SolutionGuid = {CF290AAA-1D8C-4DB4-ACC1-F0B85FA54C6F}
	EndGlobalSection
EndGlobal
